
Microsoft Visual Studio Solution File, Format Version 12.00
# Visual Studio Version 16
VisualStudioVersion = 16.0.31129.286
MinimumVisualStudioVersion = 10.0.40219.1
Project("{8BC9CEB8-8B4A-11D0-8D11-00A0C91BC942}") = "MissaoMapeamentoVANT", "MissaoMapeamentoVANT\MissaoMapeamentoVANT.vcxproj", "{013AB4D4-1622-44D9-9B82-94E05CC0067F}"
EndProject
Global
	GlobalSection(SolutionConfigurationPlatforms) = preSolution
		Debug|x64 = Debug|x64
		Debug|x86 = Debug|x86
		Release|x64 = Release|x64
		Release|x86 = Release|x86
	EndGlobalSection
	GlobalSection(ProjectConfigurationPlatforms) = postSolution
		{013AB4D4-1622-44D9-9B82-94E05CC0067F}.Debug|x64.ActiveCfg = Debug|x64
		{013AB4D4-1622-44D9-9B82-94E05CC0067F}.Debug|x64.Build.0 = Debug|x64
		{013AB4D4-1622-44D9-9B82-94E05CC0067F}.Debug|x86.ActiveCfg = Debug|Win32
		{013AB4D4-1622-44D9-9B82-94E05CC0067F}.Debug|x86.Build.0 = Debug|Win32
		{013AB4D4-1622-44D9-9B82-94E05CC0067F}.Release|x64.ActiveCfg = Release|x64
		{013AB4D4-1622-44D9-9B82-94E05CC0067F}.Release|x64.Build.0 = Release|x64
		{013AB4D4-1622-44D9-9B82-94E05CC0067F}.Release|x86.ActiveCfg = Release|Win32
		{013AB4D4-1622-44D9-9B82-94E05CC0067F}.Release|x86.Build.0 = Release|Win32
	EndGlobalSection
	GlobalSection(SolutionProperties) = preSolution
		HideSolutionNode = FALSE
	EndGlobalSection
	GlobalSection(ExtensibilityGlobals) = postSolution
		SolutionGuid = {04DEC8FD-34B5-479F-9EBD-CB957DE69C93}
	EndGlobalSection
EndGlobal
